// !$*UTF8*$!
{
	archiveVersion = 1;
	classes = {
	};
	objectVersion = 50;
	objects = {

/* Begin PBXBuildFile section */
		583E3592215DD7CE00B8FDE8 /* AppDelegate.swift in Sources */ = {isa = PBXBuildFile; fileRef = 583E3591215DD7CE00B8FDE8 /* AppDelegate.swift */; };
		583E3594215DD7CE00B8FDE8 /* ViewController.swift in Sources */ = {isa = PBXBuildFile; fileRef = 583E3593215DD7CE00B8FDE8 /* ViewController.swift */; };
		583E3597215DD7CE00B8FDE8 /* Main.storyboard in Resources */ = {isa = PBXBuildFile; fileRef = 583E3595215DD7CE00B8FDE8 /* Main.storyboard */; };
		583E3599215DD7D200B8FDE8 /* Assets.xcassets in Resources */ = {isa = PBXBuildFile; fileRef = 583E3598215DD7D200B8FDE8 /* Assets.xcassets */; };
		583E359C215DD7D200B8FDE8 /* LaunchScreen.storyboard in Resources */ = {isa = PBXBuildFile; fileRef = 583E359A215DD7D200B8FDE8 /* LaunchScreen.storyboard */; };
		583E35B1215DDE3600B8FDE8 /* LFButton.swift in Sources */ = {isa = PBXBuildFile; fileRef = 583E35AD215DDE3600B8FDE8 /* LFButton.swift */; };
		583E35B2215DDE3600B8FDE8 /* LFImageView.swift in Sources */ = {isa = PBXBuildFile; fileRef = 583E35AE215DDE3600B8FDE8 /* LFImageView.swift */; };
		583E35B3215DDE3600B8FDE8 /* LFLabel.swift in Sources */ = {isa = PBXBuildFile; fileRef = 583E35AF215DDE3600B8FDE8 /* LFLabel.swift */; };
		583E35B4215DDE3600B8FDE8 /* LFView.swift in Sources */ = {isa = PBXBuildFile; fileRef = 583E35B0215DDE3600B8FDE8 /* LFView.swift */; };
		583E35B6215DDE7400B8FDE8 /* LFDrawView.podspec in Resources */ = {isa = PBXBuildFile; fileRef = 583E35B5215DDE7300B8FDE8 /* LFDrawView.podspec */; };
		5DA90223E12572374EED1BFB /* Pods_LFDrawView.framework in Frameworks */ = {isa = PBXBuildFile; fileRef = A7727F6BA80EE0A067D7723C /* Pods_LFDrawView.framework */; };
/* End PBXBuildFile section */

/* Begin PBXFileReference section */
		583E358E215DD7CE00B8FDE8 /* LFDrawView.app */ = {isa = PBXFileReference; explicitFileType = wrapper.application; includeInIndex = 0; path = LFDrawView.app; sourceTree = BUILT_PRODUCTS_DIR; };
		583E3591215DD7CE00B8FDE8 /* AppDelegate.swift */ = {isa = PBXFileReference; lastKnownFileType = sourcecode.swift; path = AppDelegate.swift; sourceTree = "<group>"; };
		583E3593215DD7CE00B8FDE8 /* ViewController.swift */ = {isa = PBXFileReference; lastKnownFileType = sourcecode.swift; path = ViewController.swift; sourceTree = "<group>"; };
		583E3596215DD7CE00B8FDE8 /* Base */ = {isa = PBXFileReference; lastKnownFileType = file.storyboard; name = Base; path = Base.lproj/Main.storyboard; sourceTree = "<group>"; };
		583E3598215DD7D200B8FDE8 /* Assets.xcassets */ = {isa = PBXFileReference; lastKnownFileType = folder.assetcatalog; path = Assets.xcassets; sourceTree = "<group>"; };
		583E359B215DD7D200B8FDE8 /* Base */ = {isa = PBXFileReference; lastKnownFileType = file.storyboard; name = Base; path = Base.lproj/LaunchScreen.storyboard; sourceTree = "<group>"; };
		583E359D215DD7D200B8FDE8 /* Info.plist */ = {isa = PBXFileReference; lastKnownFileType = text.plist.xml; path = Info.plist; sourceTree = "<group>"; };
		583E35AD215DDE3600B8FDE8 /* LFButton.swift */ = {isa = PBXFileReference; fileEncoding = 4; lastKnownFileType = sourcecode.swift; path = LFButton.swift; sourceTree = "<group>"; };
		583E35AE215DDE3600B8FDE8 /* LFImageView.swift */ = {isa = PBXFileReference; fileEncoding = 4; lastKnownFileType = sourcecode.swift; path = LFImageView.swift; sourceTree = "<group>"; };
		583E35AF215DDE3600B8FDE8 /* LFLabel.swift */ = {isa = PBXFileReference; fileEncoding = 4; lastKnownFileType = sourcecode.swift; path = LFLabel.swift; sourceTree = "<group>"; };
		583E35B0215DDE3600B8FDE8 /* LFView.swift */ = {isa = PBXFileReference; fileEncoding = 4; lastKnownFileType = sourcecode.swift; path = LFView.swift; sourceTree = "<group>"; };
		583E35B5215DDE7300B8FDE8 /* LFDrawView.podspec */ = {isa = PBXFileReference; fileEncoding = 4; lastKnownFileType = text; path = LFDrawView.podspec; sourceTree = "<group>"; };
		A7727F6BA80EE0A067D7723C /* Pods_LFDrawView.framework */ = {isa = PBXFileReference; explicitFileType = wrapper.framework; includeInIndex = 0; path = Pods_LFDrawView.framework; sourceTree = BUILT_PRODUCTS_DIR; };
		DD914F5907F44CF1A8F30885 /* Pods-LFDrawView.debug.xcconfig */ = {isa = PBXFileReference; includeInIndex = 1; lastKnownFileType = text.xcconfig; name = "Pods-LFDrawView.debug.xcconfig"; path = "Pods/Target Support Files/Pods-LFDrawView/Pods-LFDrawView.debug.xcconfig"; sourceTree = "<group>"; };
		ED06C84E2B1E7303332CFF90 /* Pods-LFDrawView.release.xcconfig */ = {isa = PBXFileReference; includeInIndex = 1; lastKnownFileType = text.xcconfig; name = "Pods-LFDrawView.release.xcconfig"; path = "Pods/Target Support Files/Pods-LFDrawView/Pods-LFDrawView.release.xcconfig"; sourceTree = "<group>"; };
/* End PBXFileReference section */

/* Begin PBXFrameworksBuildPhase section */
		583E358B215DD7CE00B8FDE8 /* Frameworks */ = {
			isa = PBXFrameworksBuildPhase;
			buildActionMask = 2147483647;
			files = (
				5DA90223E12572374EED1BFB /* Pods_LFDrawView.framework in Frameworks */,
			);
			runOnlyForDeploymentPostprocessing = 0;
		};
/* End PBXFrameworksBuildPhase section */

/* Begin PBXGroup section */
		3F9EBA8D90296AFC2FB365D4 /* Pods */ = {
			isa = PBXGroup;
			children = (
				DD914F5907F44CF1A8F30885 /* Pods-LFDrawView.debug.xcconfig */,
				ED06C84E2B1E7303332CFF90 /* Pods-LFDrawView.release.xcconfig */,
			);
			name = Pods;
			sourceTree = "<group>";
		};
		583E3585215DD7CE00B8FDE8 = {
			isa = PBXGroup;
			children = (
				583E35B5215DDE7300B8FDE8 /* LFDrawView.podspec */,
				583E3590215DD7CE00B8FDE8 /* LFDrawView */,
				583E358F215DD7CE00B8FDE8 /* Products */,
				3F9EBA8D90296AFC2FB365D4 /* Pods */,
				A40A3FBD0B949AF25D6366F0 /* Frameworks */,
			);
			sourceTree = "<group>";
		};
		583E358F215DD7CE00B8FDE8 /* Products */ = {
			isa = PBXGroup;
			children = (
				583E358E215DD7CE00B8FDE8 /* LFDrawView.app */,
			);
			name = Products;
			sourceTree = "<group>";
		};
		583E3590215DD7CE00B8FDE8 /* LFDrawView */ = {
			isa = PBXGroup;
			children = (
				583E35AC215DDE3600B8FDE8 /* Classes */,
				583E3591215DD7CE00B8FDE8 /* AppDelegate.swift */,
				583E3593215DD7CE00B8FDE8 /* ViewController.swift */,
				583E3595215DD7CE00B8FDE8 /* Main.storyboard */,
				583E3598215DD7D200B8FDE8 /* Assets.xcassets */,
				583E359A215DD7D200B8FDE8 /* LaunchScreen.storyboard */,
				583E359D215DD7D200B8FDE8 /* Info.plist */,
			);
			path = LFDrawView;
			sourceTree = "<group>";
		};
		583E35AC215DDE3600B8FDE8 /* Classes */ = {
			isa = PBXGroup;
			children = (
				583E35AD215DDE3600B8FDE8 /* LFButton.swift */,
				583E35AE215DDE3600B8FDE8 /* LFImageView.swift */,
				583E35AF215DDE3600B8FDE8 /* LFLabel.swift */,
				583E35B0215DDE3600B8FDE8 /* LFView.swift */,
			);
			path = Classes;
			sourceTree = "<group>";
		};
		A40A3FBD0B949AF25D6366F0 /* Frameworks */ = {
			isa = PBXGroup;
			children = (
				A7727F6BA80EE0A067D7723C /* Pods_LFDrawView.framework */,
			);
			name = Frameworks;
			sourceTree = "<group>";
		};
/* End PBXGroup section */

/* Begin PBXNativeTarget section */
		583E358D215DD7CE00B8FDE8 /* LFDrawView */ = {
			isa = PBXNativeTarget;
			buildConfigurationList = 583E35A0215DD7D200B8FDE8 /* Build configuration list for PBXNativeTarget "LFDrawView" */;
			buildPhases = (
				1241542826377A485881A125 /* [CP] Check Pods Manifest.lock */,
				583E358A215DD7CE00B8FDE8 /* Sources */,
				583E358B215DD7CE00B8FDE8 /* Frameworks */,
				583E358C215DD7CE00B8FDE8 /* Resources */,
			);
			buildRules = (
			);
			dependencies = (
			);
			name = LFDrawView;
			productName = LFDrawView;
			productReference = 583E358E215DD7CE00B8FDE8 /* LFDrawView.app */;
			productType = "com.apple.product-type.application";
		};
/* End PBXNativeTarget section */

/* Begin PBXProject section */
		583E3586215DD7CE00B8FDE8 /* Project object */ = {
			isa = PBXProject;
			attributes = {
				LastSwiftUpdateCheck = 1000;
				LastUpgradeCheck = 1000;
				ORGANIZATIONNAME = "OS X10_12_6";
				TargetAttributes = {
					583E358D215DD7CE00B8FDE8 = {
						CreatedOnToolsVersion = 10.0;
					};
				};
			};
			buildConfigurationList = 583E3589215DD7CE00B8FDE8 /* Build configuration list for PBXProject "LFDrawView" */;
			compatibilityVersion = "Xcode 9.3";
			developmentRegion = en;
			hasScannedForEncodings = 0;
			knownRegions = (
				en,
				Base,
			);
			mainGroup = 583E3585215DD7CE00B8FDE8;
			productRefGroup = 583E358F215DD7CE00B8FDE8 /* Products */;
			projectDirPath = "";
			projectRoot = "";
			targets = (
				583E358D215DD7CE00B8FDE8 /* LFDrawView */,
			);
		};
/* End PBXProject section */

/* Begin PBXResourcesBuildPhase section */
		583E358C215DD7CE00B8FDE8 /* Resources */ = {
			isa = PBXResourcesBuildPhase;
			buildActionMask = 2147483647;
			files = (
				583E359C215DD7D200B8FDE8 /* LaunchScreen.storyboard in Resources */,
				583E35B6215DDE7400B8FDE8 /* LFDrawView.podspec in Resources */,
				583E3599215DD7D200B8FDE8 /* Assets.xcassets in Resources */,
				583E3597215DD7CE00B8FDE8 /* Main.storyboard in Resources */,
			);
			runOnlyForDeploymentPostprocessing = 0;
		};
/* End PBXResourcesBuildPhase section */

/* Begin PBXShellScriptBuildPhase section */
		1241542826377A485881A125 /* [CP] Check Pods Manifest.lock */ = {
			isa = PBXShellScriptBuildPhase;
			buildActionMask = 2147483647;
			files = (
			);
			inputPaths = (
				"${PODS_PODFILE_DIR_PATH}/Podfile.lock",
				"${PODS_ROOT}/Manifest.lock",
			);
			name = "[CP] Check Pods Manifest.lock";
			outputPaths = (
				"$(DERIVED_FILE_DIR)/Pods-LFDrawView-checkManifestLockResult.txt",
			);
			runOnlyForDeploymentPostprocessing = 0;
			shellPath = /bin/sh;
			shellScript = "diff \"${PODS_PODFILE_DIR_PATH}/Podfile.lock\" \"${PODS_ROOT}/Manifest.lock\" > /dev/null\nif [ $? != 0 ] ; then\n    # print error to STDERR\n    echo \"error: The sandbox is not in sync with the Podfile.lock. Run 'pod install' or update your CocoaPods installation.\" >&2\n    exit 1\nfi\n# This output is used by Xcode 'outputs' to avoid re-running this script phase.\necho \"SUCCESS\" > \"${SCRIPT_OUTPUT_FILE_0}\"\n";
			showEnvVarsInLog = 0;
		};
/* End PBXShellScriptBuildPhase section */

/* Begin PBXSourcesBuildPhase section */
		583E358A215DD7CE00B8FDE8 /* Sources */ = {
			isa = PBXSourcesBuildPhase;
			buildActionMask = 2147483647;
			files = (
				583E35B4215DDE3600B8FDE8 /* LFView.swift in Sources */,
				583E35B2215DDE3600B8FDE8 /* LFImageView.swift in Sources */,
				583E35B3215DDE3600B8FDE8 /* LFLabel.swift in Sources */,
				583E35B1215DDE3600B8FDE8 /* LFButton.swift in Sources */,
				583E3594215DD7CE00B8FDE8 /* ViewController.swift in Sources */,
				583E3592215DD7CE00B8FDE8 /* AppDelegate.swift in Sources */,
			);
			runOnlyForDeploymentPostprocessing = 0;
		};
/* End PBXSourcesBuildPhase section */

/* Begin PBXVariantGroup section */
		583E3595215DD7CE00B8FDE8 /* Main.storyboard */ = {
			isa = PBXVariantGroup;
			children = (
				583E3596215DD7CE00B8FDE8 /* Base */,
			);
			name = Main.storyboard;
			sourceTree = "<group>";
		};
		583E359A215DD7D200B8FDE8 /* LaunchScreen.storyboard */ = {
			isa = PBXVariantGroup;
			children = (
				583E359B215DD7D200B8FDE8 /* Base */,
			);
			name = LaunchScreen.storyboard;
			sourceTree = "<group>";
		};
/* End PBXVariantGroup section */

/* Begin XCBuildConfiguration section */
		583E359E215DD7D200B8FDE8 /* Debug */ = {
			isa = XCBuildConfiguration;
			buildSettings = {
				ALWAYS_SEARCH_USER_PATHS = NO;
				CLANG_ANALYZER_NONNULL = YES;
				CLANG_ANALYZER_NUMBER_OBJECT_CONVERSION = YES_AGGRESSIVE;
				CLANG_CXX_LANGUAGE_STANDARD = "gnu++14";
				CLANG_CXX_LIBRARY = "libc++";
				CLANG_ENABLE_MODULES = YES;
				CLANG_ENABLE_OBJC_ARC = YES;
				CLANG_ENABLE_OBJC_WEAK = YES;
				CLANG_WARN_BLOCK_CAPTURE_AUTORELEASING = YES;
				CLANG_WARN_BOOL_CONVERSION = YES;
				CLANG_WARN_COMMA = YES;
				CLANG_WARN_CONSTANT_CONVERSION = YES;
				CLANG_WARN_DEPRECATED_OBJC_IMPLEMENTATIONS = YES;
				CLANG_WARN_DIRECT_OBJC_ISA_USAGE = YES_ERROR;
				CLANG_WARN_DOCUMENTATION_COMMENTS = YES;
				CLANG_WARN_EMPTY_BODY = YES;
				CLANG_WARN_ENUM_CONVERSION = YES;
				CLANG_WARN_INFINITE_RECURSION = YES;
				CLANG_WARN_INT_CONVERSION = YES;
				CLANG_WARN_NON_LITERAL_NULL_CONVERSION = YES;
				CLANG_WARN_OBJC_IMPLICIT_RETAIN_SELF = YES;
				CLANG_WARN_OBJC_LITERAL_CONVERSION = YES;
				CLANG_WARN_OBJC_ROOT_CLASS = YES_ERROR;
				CLANG_WARN_RANGE_LOOP_ANALYSIS = YES;
				CLANG_WARN_STRICT_PROTOTYPES = YES;
				CLANG_WARN_SUSPICIOUS_MOVE = YES;
				CLANG_WARN_UNGUARDED_AVAILABILITY = YES_AGGRESSIVE;
				CLANG_WARN_UNREACHABLE_CODE = YES;
				CLANG_WARN__DUPLICATE_METHOD_MATCH = YES;
				CODE_SIGN_IDENTITY = "iPhone Developer";
				COPY_PHASE_STRIP = NO;
				DEBUG_INFORMATION_FORMAT = dwarf;
				ENABLE_STRICT_OBJC_MSGSEND = YES;
				ENABLE_TESTABILITY = YES;
				GCC_C_LANGUAGE_STANDARD = gnu11;
				GCC_DYNAMIC_NO_PIC = NO;
				GCC_NO_COMMON_BLOCKS = YES;
				GCC_OPTIMIZATION_LEVEL = 0;
				GCC_PREPROCESSOR_DEFINITIONS = (
					"DEBUG=1",
					"$(inherited)",
				);
				GCC_WARN_64_TO_32_BIT_CONVERSION = YES;
				GCC_WARN_ABOUT_RETURN_TYPE = YES_ERROR;
				GCC_WARN_UNDECLARED_SELECTOR = YES;
				GCC_WARN_UNINITIALIZED_AUTOS = YES_AGGRESSIVE;
				GCC_WARN_UNUSED_FUNCTION = YES;
				GCC_WARN_UNUSED_VARIABLE = YES;
				IPHONEOS_DEPLOYMENT_TARGET = 12.0;
				MTL_ENABLE_DEBUG_INFO = INCLUDE_SOURCE;
				MTL_FAST_MATH = YES;
				ONLY_ACTIVE_ARCH = YES;
				SDKROOT = iphoneos;
				SWIFT_ACTIVE_COMPILATION_CONDITIONS = DEBUG;
				SWIFT_OPTIMIZATION_LEVEL = "-Onone";
			};
			name = Debug;
		};
		583E359F215DD7D200B8FDE8 /* Release */ = {
			isa = XCBuildConfiguration;
			buildSettings = {
				ALWAYS_SEARCH_USER_PATHS = NO;
				CLANG_ANALYZER_NONNULL = YES;
				CLANG_ANALYZER_NUMBER_OBJECT_CONVERSION = YES_AGGRESSIVE;
				CLANG_CXX_LANGUAGE_STANDARD = "gnu++14";
				CLANG_CXX_LIBRARY = "libc++";
				CLANG_ENABLE_MODULES = YES;
				CLANG_ENABLE_OBJC_ARC = YES;
				CLANG_ENABLE_OBJC_WEAK = YES;
				CLANG_WARN_BLOCK_CAPTURE_AUTORELEASING = YES;
				CLANG_WARN_BOOL_CONVERSION = YES;
				CLANG_WARN_COMMA = YES;
				CLANG_WARN_CONSTANT_CONVERSION = YES;
				CLANG_WARN_DEPRECATED_OBJC_IMPLEMENTATIONS = YES;
				CLANG_WARN_DIRECT_OBJC_ISA_USAGE = YES_ERROR;
				CLANG_WARN_DOCUMENTATION_COMMENTS = YES;
				CLANG_WARN_EMPTY_BODY = YES;
				CLANG_WARN_ENUM_CONVERSION = YES;
				CLANG_WARN_INFINITE_RECURSION = YES;
				CLANG_WARN_INT_CONVERSION = YES;
				CLANG_WARN_NON_LITERAL_NULL_CONVERSION = YES;
				CLANG_WARN_OBJC_IMPLICIT_RETAIN_SELF = YES;
				CLANG_WARN_OBJC_LITERAL_CONVERSION = YES;
				CLANG_WARN_OBJC_ROOT_CLASS = YES_ERROR;
				CLANG_WARN_RANGE_LOOP_ANALYSIS = YES;
				CLANG_WARN_STRICT_PROTOTYPES = YES;
				CLANG_WARN_SUSPICIOUS_MOVE = YES;
				CLANG_WARN_UNGUARDED_AVAILABILITY = YES_AGGRESSIVE;
				CLANG_WARN_UNREACHABLE_CODE = YES;
				CLANG_WARN__DUPLICATE_METHOD_MATCH = YES;
				CODE_SIGN_IDENTITY = "iPhone Developer";
				COPY_PHASE_STRIP = NO;
				DEBUG_INFORMATION_FORMAT = "dwarf-with-dsym";
				ENABLE_NS_ASSERTIONS = NO;
				ENABLE_STRICT_OBJC_MSGSEND = YES;
				GCC_C_LANGUAGE_STANDARD = gnu11;
				GCC_NO_COMMON_BLOCKS = YES;
				GCC_WARN_64_TO_32_BIT_CONVERSION = YES;
				GCC_WARN_ABOUT_RETURN_TYPE = YES_ERROR;
				GCC_WARN_UNDECLARED_SELECTOR = YES;
				GCC_WARN_UNINITIALIZED_AUTOS = YES_AGGRESSIVE;
				GCC_WARN_UNUSED_FUNCTION = YES;
				GCC_WARN_UNUSED_VARIABLE = YES;
				IPHONEOS_DEPLOYMENT_TARGET = 12.0;
				MTL_ENABLE_DEBUG_INFO = NO;
				MTL_FAST_MATH = YES;
				SDKROOT = iphoneos;
				SWIFT_COMPILATION_MODE = wholemodule;
				SWIFT_OPTIMIZATION_LEVEL = "-O";
				VALIDATE_PRODUCT = YES;
			};
			name = Release;
		};
		583E35A1215DD7D200B8FDE8 /* Debug */ = {
			isa = XCBuildConfiguration;
			baseConfigurationReference = DD914F5907F44CF1A8F30885 /* Pods-LFDrawView.debug.xcconfig */;
			buildSettings = {
				ASSETCATALOG_COMPILER_APPICON_NAME = AppIcon;
				CODE_SIGN_STYLE = Automatic;
				INFOPLIST_FILE = LFDrawView/Info.plist;
				IPHONEOS_DEPLOYMENT_TARGET = 9.0;
				LD_RUNPATH_SEARCH_PATHS = (
					"$(inherited)",
					"@executable_path/Frameworks",
				);
				PRODUCT_BUNDLE_IDENTIFIER = com.leaf.LFDrawView;
				PRODUCT_NAME = "$(TARGET_NAME)";
				SWIFT_VERSION = 4.2;
				TARGETED_DEVICE_FAMILY = "1,2";
			};
			name = Debug;
		};
		583E35A2215DD7D200B8FDE8 /* Release */ = {
			isa = XCBuildConfiguration;
			baseConfigurationReference = ED06C84E2B1E7303332CFF90 /* Pods-LFDrawView.release.xcconfig */;
			buildSettings = {
				ASSETCATALOG_COMPILER_APPICON_NAME = AppIcon;
				CODE_SIGN_STYLE = Automatic;
				INFOPLIST_FILE = LFDrawView/Info.plist;
				IPHONEOS_DEPLOYMENT_TARGET = 9.0;
				LD_RUNPATH_SEARCH_PATHS = (
					"$(inherited)",
					"@executable_path/Frameworks",
				);
				PRODUCT_BUNDLE_IDENTIFIER = com.leaf.LFDrawView;
				PRODUCT_NAME = "$(TARGET_NAME)";
				SWIFT_VERSION = 4.2;
				TARGETED_DEVICE_FAMILY = "1,2";
			};
			name = Release;
		};
/* End XCBuildConfiguration section */

/* Begin XCConfigurationList section */
		583E3589215DD7CE00B8FDE8 /* Build configuration list for PBXProject "LFDrawView" */ = {
			isa = XCConfigurationList;
			buildConfigurations = (
				583E359E215DD7D200B8FDE8 /* Debug */,
				583E359F215DD7D200B8FDE8 /* Release */,
			);
			defaultConfigurationIsVisible = 0;
			defaultConfigurationName = Release;
		};
		583E35A0215DD7D200B8FDE8 /* Build configuration list for PBXNativeTarget "LFDrawView" */ = {
			isa = XCConfigurationList;
			buildConfigurations = (
				583E35A1215DD7D200B8FDE8 /* Debug */,
				583E35A2215DD7D200B8FDE8 /* Release */,
			);
			defaultConfigurationIsVisible = 0;
			defaultConfigurationName = Release;
		};
/* End XCConfigurationList section */
	};
	rootObject = 583E3586215DD7CE00B8FDE8 /* Project object */;
}
